{
  "name": "timetravel-maps",
  "version": "1.0.0",
  "lockfileVersion": 1,
  "requires": true,
  "dependencies": {
    "@tensorflow-models/coco-ssd": {
      "version": "2.0.3",
      "resolved": "https://registry.npmjs.org/@tensorflow-models/coco-ssd/-/coco-ssd-2.0.3.tgz",
      "integrity": "sha512-jTyGC6on59ENZNVm5GYtGn3JNaM/7nULMB/2At11MavvQt6Rlfht/5BJs/r5Hty2r7BB4C6iDrllrkXRZeOtLQ=="
    },
    "esri": {
      "version": "0.0.1-security",
      "resolved": "https://registry.npmjs.org/esri/-/esri-0.0.1-security.tgz",
      "integrity": "sha512-v0qH/G4iDFaQ6jf+C3KK4RCRh4j8fyxuXs9vICKDVRQedhp7Ar5Nwx6purTGu3YUycaZqe6HEoISnAmfWaGk8w=="
    }
  }
}
